
Microsoft Visual Studio Solution File, Format Version 12.00
# Visual Studio 15
VisualStudioVersion = 15.0.33423.255
MinimumVisualStudioVersion = 10.0.40219.1
Project("{FAE04EC0-301F-11D3-BF4B-00C04F79EFBC}") = "MTConnectAgent", "MTConnectAgent\MTConnectAgent.csproj", "{B485DFEA-19E7-4A0C-80E5-5A9818138BFB}"
EndProject
Project("{FAE04EC0-301F-11D3-BF4B-00C04F79EFBC}") = "MTConnectAgent.Model", "MTConnectAgent.Model\MTConnectAgent.Model.csproj", "{5AABEBC7-621D-4B23-9148-B1D90AF4FC06}"
EndProject
Project("{FAE04EC0-301F-11D3-BF4B-00C04F79EFBC}") = "MTConnectAgent.BLL", "MTConnectAgent.BLL\MTConnectAgent.BLL.csproj", "{181C9DCC-AE4D-4B0D-B763-E3C0FB87F84F}"
EndProject
Project("{FAE04EC0-301F-11D3-BF4B-00C04F79EFBC}") = "MTConnectAgent.BLL.Tests", "MTConnectAgent.BLL.Tests\MTConnectAgent.BLL.Tests.csproj", "{E3F489DA-6EEC-402F-A9DE-E9125E888399}"
EndProject
Global
	GlobalSection(SolutionConfigurationPlatforms) = preSolution
		Debug|Any CPU = Debug|Any CPU
		Release|Any CPU = Release|Any CPU
	EndGlobalSection
	GlobalSection(ProjectConfigurationPlatforms) = postSolution
		{B485DFEA-19E7-4A0C-80E5-5A9818138BFB}.Debug|Any CPU.ActiveCfg = Debug|Any CPU
		{B485DFEA-19E7-4A0C-80E5-5A9818138BFB}.Debug|Any CPU.Build.0 = Debug|Any CPU
		{B485DFEA-19E7-4A0C-80E5-5A9818138BFB}.Release|Any CPU.ActiveCfg = Release|Any CPU
		{B485DFEA-19E7-4A0C-80E5-5A9818138BFB}.Release|Any CPU.Build.0 = Release|Any CPU
		{5AABEBC7-621D-4B23-9148-B1D90AF4FC06}.Debug|Any CPU.ActiveCfg = Debug|Any CPU
		{5AABEBC7-621D-4B23-9148-B1D90AF4FC06}.Debug|Any CPU.Build.0 = Debug|Any CPU
		{5AABEBC7-621D-4B23-9148-B1D90AF4FC06}.Release|Any CPU.ActiveCfg = Release|Any CPU
		{5AABEBC7-621D-4B23-9148-B1D90AF4FC06}.Release|Any CPU.Build.0 = Release|Any CPU
		{181C9DCC-AE4D-4B0D-B763-E3C0FB87F84F}.Debug|Any CPU.ActiveCfg = Debug|Any CPU
		{181C9DCC-AE4D-4B0D-B763-E3C0FB87F84F}.Debug|Any CPU.Build.0 = Debug|Any CPU
		{181C9DCC-AE4D-4B0D-B763-E3C0FB87F84F}.Release|Any CPU.ActiveCfg = Release|Any CPU
		{181C9DCC-AE4D-4B0D-B763-E3C0FB87F84F}.Release|Any CPU.Build.0 = Release|Any CPU
		{E3F489DA-6EEC-402F-A9DE-E9125E888399}.Debug|Any CPU.ActiveCfg = Debug|Any CPU
		{E3F489DA-6EEC-402F-A9DE-E9125E888399}.Debug|Any CPU.Build.0 = Debug|Any CPU
		{E3F489DA-6EEC-402F-A9DE-E9125E888399}.Release|Any CPU.ActiveCfg = Release|Any CPU
		{E3F489DA-6EEC-402F-A9DE-E9125E888399}.Release|Any CPU.Build.0 = Release|Any CPU
	EndGlobalSection
	GlobalSection(SolutionProperties) = preSolution
		HideSolutionNode = FALSE
	EndGlobalSection
	GlobalSection(ExtensibilityGlobals) = postSolution
		SolutionGuid = {9FDE7787-D1DB-4D55-84D6-2824142780BB}
	EndGlobalSection
EndGlobal
